// !$*UTF8*$!
{
	archiveVersion = 1;
	classes = {
	};
	objectVersion = 56;
	objects = {

/* Begin PBXBuildFile section */
		988B18B92A526E1C00FAE2BF /* AppDelegate.swift in Sources */ = {isa = PBXBuildFile; fileRef = 988B18B82A526E1C00FAE2BF /* AppDelegate.swift */; };
		988B18BB2A526E1C00FAE2BF /* SceneDelegate.swift in Sources */ = {isa = PBXBuildFile; fileRef = 988B18BA2A526E1C00FAE2BF /* SceneDelegate.swift */; };
		988B18BD2A526E1C00FAE2BF /* ViewController.swift in Sources */ = {isa = PBXBuildFile; fileRef = 988B18BC2A526E1C00FAE2BF /* ViewController.swift */; };
		988B18C02A526E1C00FAE2BF /* Main.storyboard in Resources */ = {isa = PBXBuildFile; fileRef = 988B18BE2A526E1C00FAE2BF /* Main.storyboard */; };
		988B18C22A526E1E00FAE2BF /* Assets.xcassets in Resources */ = {isa = PBXBuildFile; fileRef = 988B18C12A526E1E00FAE2BF /* Assets.xcassets */; };
		988B18C52A526E1E00FAE2BF /* LaunchScreen.storyboard in Resources */ = {isa = PBXBuildFile; fileRef = 988B18C32A526E1E00FAE2BF /* LaunchScreen.storyboard */; };
		988B18CD2A5270BF00FAE2BF /* iOSExtention.swift in Sources */ = {isa = PBXBuildFile; fileRef = 988B18CC2A5270BE00FAE2BF /* iOSExtention.swift */; };
		988B19142A669F6D00FAE2BF /* TableViewCell.swift in Sources */ = {isa = PBXBuildFile; fileRef = 988B19132A669F6D00FAE2BF /* TableViewCell.swift */; };
		988B19172A66B05D00FAE2BF /* neon.wav in Resources */ = {isa = PBXBuildFile; fileRef = 988B19152A66B05D00FAE2BF /* neon.wav */; };
		988B19382A67D68A00FAE2BF /* bloop.wav in Resources */ = {isa = PBXBuildFile; fileRef = 988B19362A67D68A00FAE2BF /* bloop.wav */; };
		988B19392A67D68A00FAE2BF /* bubble_pop.wav in Resources */ = {isa = PBXBuildFile; fileRef = 988B19372A67D68A00FAE2BF /* bubble_pop.wav */; };
		988B193D2A67D6B000FAE2BF /* W00GRD01.wav in Resources */ = {isa = PBXBuildFile; fileRef = 988B193C2A67D6AF00FAE2BF /* W00GRD01.wav */; };
		988B193F2A67D6BB00FAE2BF /* W00FIR02.wav in Resources */ = {isa = PBXBuildFile; fileRef = 988B193E2A67D6BB00FAE2BF /* W00FIR02.wav */; };
		988B19412A67D6BF00FAE2BF /* W00FIR03.wav in Resources */ = {isa = PBXBuildFile; fileRef = 988B19402A67D6BF00FAE2BF /* W00FIR03.wav */; };
		988B19432A67D6C500FAE2BF /* W00FIR01.wav in Resources */ = {isa = PBXBuildFile; fileRef = 988B19422A67D6C500FAE2BF /* W00FIR01.wav */; };
		988B19452A67D6D000FAE2BF /* W00GRD02.wav in Resources */ = {isa = PBXBuildFile; fileRef = 988B19442A67D6D000FAE2BF /* W00GRD02.wav */; };
		988B19472A67D6D700FAE2BF /* W00GRD03.wav in Resources */ = {isa = PBXBuildFile; fileRef = 988B19462A67D6D700FAE2BF /* W00GRD03.wav */; };
		988B194B2A67D6EA00FAE2BF /* W00HIT02.wav in Resources */ = {isa = PBXBuildFile; fileRef = 988B19482A67D6E900FAE2BF /* W00HIT02.wav */; };
		988B194C2A67D6EA00FAE2BF /* W00HIT03.wav in Resources */ = {isa = PBXBuildFile; fileRef = 988B19492A67D6E900FAE2BF /* W00HIT03.wav */; };
		988B194D2A67D6EA00FAE2BF /* W00HIT01.wav in Resources */ = {isa = PBXBuildFile; fileRef = 988B194A2A67D6E900FAE2BF /* W00HIT01.wav */; };
		988B19512A67D72500FAE2BF /* W01HIT02.wav in Resources */ = {isa = PBXBuildFile; fileRef = 988B194E2A67D72500FAE2BF /* W01HIT02.wav */; };
		988B19522A67D72500FAE2BF /* W01HIT01.wav in Resources */ = {isa = PBXBuildFile; fileRef = 988B194F2A67D72500FAE2BF /* W01HIT01.wav */; };
		988B19532A67D72500FAE2BF /* W01HIT03.wav in Resources */ = {isa = PBXBuildFile; fileRef = 988B19502A67D72500FAE2BF /* W01HIT03.wav */; };
		988B19552A67D78C00FAE2BF /* zoop_up.wav in Resources */ = {isa = PBXBuildFile; fileRef = 988B19542A67D78C00FAE2BF /* zoop_up.wav */; };
		988B195A2A67E5E300FAE2BF /* W01FIR01.wav in Resources */ = {isa = PBXBuildFile; fileRef = 988B19572A67E5E200FAE2BF /* W01FIR01.wav */; };
		988B195B2A67E5E300FAE2BF /* W01FIR02.wav in Resources */ = {isa = PBXBuildFile; fileRef = 988B19582A67E5E200FAE2BF /* W01FIR02.wav */; };
		988B195C2A67E5E300FAE2BF /* W01FIR03.wav in Resources */ = {isa = PBXBuildFile; fileRef = 988B19592A67E5E200FAE2BF /* W01FIR03.wav */; };
		988B19602A67E61000FAE2BF /* W01GRD02.wav in Resources */ = {isa = PBXBuildFile; fileRef = 988B195D2A67E61000FAE2BF /* W01GRD02.wav */; };
		988B19612A67E61000FAE2BF /* W01GRD01.wav in Resources */ = {isa = PBXBuildFile; fileRef = 988B195E2A67E61000FAE2BF /* W01GRD01.wav */; };
		988B19622A67E61000FAE2BF /* W01GRD03.wav in Resources */ = {isa = PBXBuildFile; fileRef = 988B195F2A67E61000FAE2BF /* W01GRD03.wav */; };
/* End PBXBuildFile section */

/* Begin PBXFileReference section */
		988B18B52A526E1C00FAE2BF /* HLCalc.app */ = {isa = PBXFileReference; explicitFileType = wrapper.application; includeInIndex = 0; path = HLCalc.app; sourceTree = BUILT_PRODUCTS_DIR; };
		988B18B82A526E1C00FAE2BF /* AppDelegate.swift */ = {isa = PBXFileReference; lastKnownFileType = sourcecode.swift; path = AppDelegate.swift; sourceTree = "<group>"; };
		988B18BA2A526E1C00FAE2BF /* SceneDelegate.swift */ = {isa = PBXFileReference; lastKnownFileType = sourcecode.swift; path = SceneDelegate.swift; sourceTree = "<group>"; };
		988B18BC2A526E1C00FAE2BF /* ViewController.swift */ = {isa = PBXFileReference; lastKnownFileType = sourcecode.swift; path = ViewController.swift; sourceTree = "<group>"; };
		988B18BF2A526E1C00FAE2BF /* Base */ = {isa = PBXFileReference; lastKnownFileType = file.storyboard; name = Base; path = Base.lproj/Main.storyboard; sourceTree = "<group>"; };
		988B18C12A526E1E00FAE2BF /* Assets.xcassets */ = {isa = PBXFileReference; lastKnownFileType = folder.assetcatalog; path = Assets.xcassets; sourceTree = "<group>"; };
		988B18C42A526E1E00FAE2BF /* Base */ = {isa = PBXFileReference; lastKnownFileType = file.storyboard; name = Base; path = Base.lproj/LaunchScreen.storyboard; sourceTree = "<group>"; };
		988B18C62A526E1E00FAE2BF /* Info.plist */ = {isa = PBXFileReference; lastKnownFileType = text.plist.xml; path = Info.plist; sourceTree = "<group>"; };
		988B18CC2A5270BE00FAE2BF /* iOSExtention.swift */ = {isa = PBXFileReference; fileEncoding = 4; lastKnownFileType = sourcecode.swift; path = iOSExtention.swift; sourceTree = "<group>"; };
		988B19132A669F6D00FAE2BF /* TableViewCell.swift */ = {isa = PBXFileReference; lastKnownFileType = sourcecode.swift; path = TableViewCell.swift; sourceTree = "<group>"; };
		988B19152A66B05D00FAE2BF /* neon.wav */ = {isa = PBXFileReference; lastKnownFileType = audio.wav; path = neon.wav; sourceTree = "<group>"; };
		988B19362A67D68A00FAE2BF /* bloop.wav */ = {isa = PBXFileReference; lastKnownFileType = audio.wav; path = bloop.wav; sourceTree = "<group>"; };
		988B19372A67D68A00FAE2BF /* bubble_pop.wav */ = {isa = PBXFileReference; lastKnownFileType = audio.wav; path = bubble_pop.wav; sourceTree = "<group>"; };
		988B193C2A67D6AF00FAE2BF /* W00GRD01.wav */ = {isa = PBXFileReference; lastKnownFileType = audio.wav; path = W00GRD01.wav; sourceTree = "<group>"; };
		988B193E2A67D6BB00FAE2BF /* W00FIR02.wav */ = {isa = PBXFileReference; lastKnownFileType = audio.wav; path = W00FIR02.wav; sourceTree = "<group>"; };
		988B19402A67D6BF00FAE2BF /* W00FIR03.wav */ = {isa = PBXFileReference; lastKnownFileType = audio.wav; path = W00FIR03.wav; sourceTree = "<group>"; };
		988B19422A67D6C500FAE2BF /* W00FIR01.wav */ = {isa = PBXFileReference; lastKnownFileType = audio.wav; path = W00FIR01.wav; sourceTree = "<group>"; };
		988B19442A67D6D000FAE2BF /* W00GRD02.wav */ = {isa = PBXFileReference; lastKnownFileType = audio.wav; path = W00GRD02.wav; sourceTree = "<group>"; };
		988B19462A67D6D700FAE2BF /* W00GRD03.wav */ = {isa = PBXFileReference; lastKnownFileType = audio.wav; path = W00GRD03.wav; sourceTree = "<group>"; };
		988B19482A67D6E900FAE2BF /* W00HIT02.wav */ = {isa = PBXFileReference; lastKnownFileType = audio.wav; path = W00HIT02.wav; sourceTree = "<group>"; };
		988B19492A67D6E900FAE2BF /* W00HIT03.wav */ = {isa = PBXFileReference; lastKnownFileType = audio.wav; path = W00HIT03.wav; sourceTree = "<group>"; };
		988B194A2A67D6E900FAE2BF /* W00HIT01.wav */ = {isa = PBXFileReference; lastKnownFileType = audio.wav; path = W00HIT01.wav; sourceTree = "<group>"; };
		988B194E2A67D72500FAE2BF /* W01HIT02.wav */ = {isa = PBXFileReference; lastKnownFileType = audio.wav; path = W01HIT02.wav; sourceTree = "<group>"; };
		988B194F2A67D72500FAE2BF /* W01HIT01.wav */ = {isa = PBXFileReference; lastKnownFileType = audio.wav; path = W01HIT01.wav; sourceTree = "<group>"; };
		988B19502A67D72500FAE2BF /* W01HIT03.wav */ = {isa = PBXFileReference; lastKnownFileType = audio.wav; path = W01HIT03.wav; sourceTree = "<group>"; };
		988B19542A67D78C00FAE2BF /* zoop_up.wav */ = {isa = PBXFileReference; lastKnownFileType = audio.wav; path = zoop_up.wav; sourceTree = "<group>"; };
		988B19572A67E5E200FAE2BF /* W01FIR01.wav */ = {isa = PBXFileReference; lastKnownFileType = audio.wav; path = W01FIR01.wav; sourceTree = "<group>"; };
		988B19582A67E5E200FAE2BF /* W01FIR02.wav */ = {isa = PBXFileReference; lastKnownFileType = audio.wav; path = W01FIR02.wav; sourceTree = "<group>"; };
		988B19592A67E5E200FAE2BF /* W01FIR03.wav */ = {isa = PBXFileReference; lastKnownFileType = audio.wav; path = W01FIR03.wav; sourceTree = "<group>"; };
		988B195D2A67E61000FAE2BF /* W01GRD02.wav */ = {isa = PBXFileReference; lastKnownFileType = audio.wav; path = W01GRD02.wav; sourceTree = "<group>"; };
		988B195E2A67E61000FAE2BF /* W01GRD01.wav */ = {isa = PBXFileReference; lastKnownFileType = audio.wav; path = W01GRD01.wav; sourceTree = "<group>"; };
		988B195F2A67E61000FAE2BF /* W01GRD03.wav */ = {isa = PBXFileReference; lastKnownFileType = audio.wav; path = W01GRD03.wav; sourceTree = "<group>"; };
/* End PBXFileReference section */

/* Begin PBXFrameworksBuildPhase section */
		988B18B22A526E1C00FAE2BF /* Frameworks */ = {
			isa = PBXFrameworksBuildPhase;
			buildActionMask = 2147483647;
			files = (
			);
			runOnlyForDeploymentPostprocessing = 0;
		};
/* End PBXFrameworksBuildPhase section */

/* Begin PBXGroup section */
		988B18AC2A526E1C00FAE2BF = {
			isa = PBXGroup;
			children = (
				988B18B72A526E1C00FAE2BF /* HLCalc */,
				988B18B62A526E1C00FAE2BF /* Products */,
			);
			sourceTree = "<group>";
		};
		988B18B62A526E1C00FAE2BF /* Products */ = {
			isa = PBXGroup;
			children = (
				988B18B52A526E1C00FAE2BF /* HLCalc.app */,
			);
			name = Products;
			sourceTree = "<group>";
		};
		988B18B72A526E1C00FAE2BF /* HLCalc */ = {
			isa = PBXGroup;
			children = (
				988B18B82A526E1C00FAE2BF /* AppDelegate.swift */,
				988B18BA2A526E1C00FAE2BF /* SceneDelegate.swift */,
				988B18BC2A526E1C00FAE2BF /* ViewController.swift */,
				988B19132A669F6D00FAE2BF /* TableViewCell.swift */,
				988B18CC2A5270BE00FAE2BF /* iOSExtention.swift */,
				988B19152A66B05D00FAE2BF /* neon.wav */,
				988B19362A67D68A00FAE2BF /* bloop.wav */,
				988B19372A67D68A00FAE2BF /* bubble_pop.wav */,
				988B193C2A67D6AF00FAE2BF /* W00GRD01.wav */,
				988B19442A67D6D000FAE2BF /* W00GRD02.wav */,
				988B19462A67D6D700FAE2BF /* W00GRD03.wav */,
				988B194A2A67D6E900FAE2BF /* W00HIT01.wav */,
				988B19482A67D6E900FAE2BF /* W00HIT02.wav */,
				988B19492A67D6E900FAE2BF /* W00HIT03.wav */,
				988B194F2A67D72500FAE2BF /* W01HIT01.wav */,
				988B194E2A67D72500FAE2BF /* W01HIT02.wav */,
				988B19502A67D72500FAE2BF /* W01HIT03.wav */,
				988B19422A67D6C500FAE2BF /* W00FIR01.wav */,
				988B193E2A67D6BB00FAE2BF /* W00FIR02.wav */,
				988B19402A67D6BF00FAE2BF /* W00FIR03.wav */,
				988B19572A67E5E200FAE2BF /* W01FIR01.wav */,
				988B19582A67E5E200FAE2BF /* W01FIR02.wav */,
				988B19592A67E5E200FAE2BF /* W01FIR03.wav */,
				988B195E2A67E61000FAE2BF /* W01GRD01.wav */,
				988B195D2A67E61000FAE2BF /* W01GRD02.wav */,
				988B195F2A67E61000FAE2BF /* W01GRD03.wav */,
				988B19542A67D78C00FAE2BF /* zoop_up.wav */,
				988B18BE2A526E1C00FAE2BF /* Main.storyboard */,
				988B18C12A526E1E00FAE2BF /* Assets.xcassets */,
				988B18C32A526E1E00FAE2BF /* LaunchScreen.storyboard */,
				988B18C62A526E1E00FAE2BF /* Info.plist */,
			);
			path = HLCalc;
			sourceTree = "<group>";
		};
/* End PBXGroup section */

/* Begin PBXNativeTarget section */
		988B18B42A526E1C00FAE2BF /* HLCalc */ = {
			isa = PBXNativeTarget;
			buildConfigurationList = 988B18C92A526E1E00FAE2BF /* Build configuration list for PBXNativeTarget "HLCalc" */;
			buildPhases = (
				988B18B12A526E1C00FAE2BF /* Sources */,
				988B18B22A526E1C00FAE2BF /* Frameworks */,
				988B18B32A526E1C00FAE2BF /* Resources */,
			);
			buildRules = (
			);
			dependencies = (
			);
			name = HLCalc;
			productName = HLCalc;
			productReference = 988B18B52A526E1C00FAE2BF /* HLCalc.app */;
			productType = "com.apple.product-type.application";
		};
/* End PBXNativeTarget section */

/* Begin PBXProject section */
		988B18AD2A526E1C00FAE2BF /* Project object */ = {
			isa = PBXProject;
			attributes = {
				BuildIndependentTargetsInParallel = 1;
				LastSwiftUpdateCheck = 1400;
				LastUpgradeCheck = 1400;
				TargetAttributes = {
					988B18B42A526E1C00FAE2BF = {
						CreatedOnToolsVersion = 14.0.1;
					};
				};
			};
			buildConfigurationList = 988B18B02A526E1C00FAE2BF /* Build configuration list for PBXProject "HLCalc" */;
			compatibilityVersion = "Xcode 14.0";
			developmentRegion = en;
			hasScannedForEncodings = 0;
			knownRegions = (
				en,
				Base,
			);
			mainGroup = 988B18AC2A526E1C00FAE2BF;
			productRefGroup = 988B18B62A526E1C00FAE2BF /* Products */;
			projectDirPath = "";
			projectRoot = "";
			targets = (
				988B18B42A526E1C00FAE2BF /* HLCalc */,
			);
		};
/* End PBXProject section */

/* Begin PBXResourcesBuildPhase section */
		988B18B32A526E1C00FAE2BF /* Resources */ = {
			isa = PBXResourcesBuildPhase;
			buildActionMask = 2147483647;
			files = (
				988B194B2A67D6EA00FAE2BF /* W00HIT02.wav in Resources */,
				988B19512A67D72500FAE2BF /* W01HIT02.wav in Resources */,
				988B195A2A67E5E300FAE2BF /* W01FIR01.wav in Resources */,
				988B19382A67D68A00FAE2BF /* bloop.wav in Resources */,
				988B19172A66B05D00FAE2BF /* neon.wav in Resources */,
				988B19452A67D6D000FAE2BF /* W00GRD02.wav in Resources */,
				988B19612A67E61000FAE2BF /* W01GRD01.wav in Resources */,
				988B195C2A67E5E300FAE2BF /* W01FIR03.wav in Resources */,
				988B18C52A526E1E00FAE2BF /* LaunchScreen.storyboard in Resources */,
				988B194D2A67D6EA00FAE2BF /* W00HIT01.wav in Resources */,
				988B18C22A526E1E00FAE2BF /* Assets.xcassets in Resources */,
				988B19522A67D72500FAE2BF /* W01HIT01.wav in Resources */,
				988B19392A67D68A00FAE2BF /* bubble_pop.wav in Resources */,
				988B193D2A67D6B000FAE2BF /* W00GRD01.wav in Resources */,
				988B193F2A67D6BB00FAE2BF /* W00FIR02.wav in Resources */,
				988B19602A67E61000FAE2BF /* W01GRD02.wav in Resources */,
				988B19532A67D72500FAE2BF /* W01HIT03.wav in Resources */,
				988B19412A67D6BF00FAE2BF /* W00FIR03.wav in Resources */,
				988B194C2A67D6EA00FAE2BF /* W00HIT03.wav in Resources */,
				988B195B2A67E5E300FAE2BF /* W01FIR02.wav in Resources */,
				988B19472A67D6D700FAE2BF /* W00GRD03.wav in Resources */,
				988B19432A67D6C500FAE2BF /* W00FIR01.wav in Resources */,
				988B19552A67D78C00FAE2BF /* zoop_up.wav in Resources */,
				988B19622A67E61000FAE2BF /* W01GRD03.wav in Resources */,
				988B18C02A526E1C00FAE2BF /* Main.storyboard in Resources */,
			);
			runOnlyForDeploymentPostprocessing = 0;
		};
/* End PBXResourcesBuildPhase section */

/* Begin PBXSourcesBuildPhase section */
		988B18B12A526E1C00FAE2BF /* Sources */ = {
			isa = PBXSourcesBuildPhase;
			buildActionMask = 2147483647;
			files = (
				988B19142A669F6D00FAE2BF /* TableViewCell.swift in Sources */,
				988B18BD2A526E1C00FAE2BF /* ViewController.swift in Sources */,
				988B18B92A526E1C00FAE2BF /* AppDelegate.swift in Sources */,
				988B18CD2A5270BF00FAE2BF /* iOSExtention.swift in Sources */,
				988B18BB2A526E1C00FAE2BF /* SceneDelegate.swift in Sources */,
			);
			runOnlyForDeploymentPostprocessing = 0;
		};
/* End PBXSourcesBuildPhase section */

/* Begin PBXVariantGroup section */
		988B18BE2A526E1C00FAE2BF /* Main.storyboard */ = {
			isa = PBXVariantGroup;
			children = (
				988B18BF2A526E1C00FAE2BF /* Base */,
			);
			name = Main.storyboard;
			sourceTree = "<group>";
		};
		988B18C32A526E1E00FAE2BF /* LaunchScreen.storyboard */ = {
			isa = PBXVariantGroup;
			children = (
				988B18C42A526E1E00FAE2BF /* Base */,
			);
			name = LaunchScreen.storyboard;
			sourceTree = "<group>";
		};
/* End PBXVariantGroup section */

/* Begin XCBuildConfiguration section */
		988B18C72A526E1E00FAE2BF /* Debug */ = {
			isa = XCBuildConfiguration;
			buildSettings = {
				ALWAYS_SEARCH_USER_PATHS = NO;
				CLANG_ANALYZER_NONNULL = YES;
				CLANG_ANALYZER_NUMBER_OBJECT_CONVERSION = YES_AGGRESSIVE;
				CLANG_CXX_LANGUAGE_STANDARD = "gnu++20";
				CLANG_ENABLE_MODULES = YES;
				CLANG_ENABLE_OBJC_ARC = YES;
				CLANG_ENABLE_OBJC_WEAK = YES;
				CLANG_WARN_BLOCK_CAPTURE_AUTORELEASING = YES;
				CLANG_WARN_BOOL_CONVERSION = YES;
				CLANG_WARN_COMMA = YES;
				CLANG_WARN_CONSTANT_CONVERSION = YES;
				CLANG_WARN_DEPRECATED_OBJC_IMPLEMENTATIONS = YES;
				CLANG_WARN_DIRECT_OBJC_ISA_USAGE = YES_ERROR;
				CLANG_WARN_DOCUMENTATION_COMMENTS = YES;
				CLANG_WARN_EMPTY_BODY = YES;
				CLANG_WARN_ENUM_CONVERSION = YES;
				CLANG_WARN_INFINITE_RECURSION = YES;
				CLANG_WARN_INT_CONVERSION = YES;
				CLANG_WARN_NON_LITERAL_NULL_CONVERSION = YES;
				CLANG_WARN_OBJC_IMPLICIT_RETAIN_SELF = YES;
				CLANG_WARN_OBJC_LITERAL_CONVERSION = YES;
				CLANG_WARN_OBJC_ROOT_CLASS = YES_ERROR;
				CLANG_WARN_QUOTED_INCLUDE_IN_FRAMEWORK_HEADER = YES;
				CLANG_WARN_RANGE_LOOP_ANALYSIS = YES;
				CLANG_WARN_STRICT_PROTOTYPES = YES;
				CLANG_WARN_SUSPICIOUS_MOVE = YES;
				CLANG_WARN_UNGUARDED_AVAILABILITY = YES_AGGRESSIVE;
				CLANG_WARN_UNREACHABLE_CODE = YES;
				CLANG_WARN__DUPLICATE_METHOD_MATCH = YES;
				COPY_PHASE_STRIP = NO;
				DEBUG_INFORMATION_FORMAT = dwarf;
				ENABLE_STRICT_OBJC_MSGSEND = YES;
				ENABLE_TESTABILITY = YES;
				GCC_C_LANGUAGE_STANDARD = gnu11;
				GCC_DYNAMIC_NO_PIC = NO;
				GCC_NO_COMMON_BLOCKS = YES;
				GCC_OPTIMIZATION_LEVEL = 0;
				GCC_PREPROCESSOR_DEFINITIONS = (
					"DEBUG=1",
					"$(inherited)",
				);
				GCC_WARN_64_TO_32_BIT_CONVERSION = YES;
				GCC_WARN_ABOUT_RETURN_TYPE = YES_ERROR;
				GCC_WARN_UNDECLARED_SELECTOR = YES;
				GCC_WARN_UNINITIALIZED_AUTOS = YES_AGGRESSIVE;
				GCC_WARN_UNUSED_FUNCTION = YES;
				GCC_WARN_UNUSED_VARIABLE = YES;
				IPHONEOS_DEPLOYMENT_TARGET = 16.0;
				MTL_ENABLE_DEBUG_INFO = INCLUDE_SOURCE;
				MTL_FAST_MATH = YES;
				ONLY_ACTIVE_ARCH = YES;
				SDKROOT = iphoneos;
				SWIFT_ACTIVE_COMPILATION_CONDITIONS = DEBUG;
				SWIFT_OPTIMIZATION_LEVEL = "-Onone";
			};
			name = Debug;
		};
		988B18C82A526E1E00FAE2BF /* Release */ = {
			isa = XCBuildConfiguration;
			buildSettings = {
				ALWAYS_SEARCH_USER_PATHS = NO;
				CLANG_ANALYZER_NONNULL = YES;
				CLANG_ANALYZER_NUMBER_OBJECT_CONVERSION = YES_AGGRESSIVE;
				CLANG_CXX_LANGUAGE_STANDARD = "gnu++20";
				CLANG_ENABLE_MODULES = YES;
				CLANG_ENABLE_OBJC_ARC = YES;
				CLANG_ENABLE_OBJC_WEAK = YES;
				CLANG_WARN_BLOCK_CAPTURE_AUTORELEASING = YES;
				CLANG_WARN_BOOL_CONVERSION = YES;
				CLANG_WARN_COMMA = YES;
				CLANG_WARN_CONSTANT_CONVERSION = YES;
				CLANG_WARN_DEPRECATED_OBJC_IMPLEMENTATIONS = YES;
				CLANG_WARN_DIRECT_OBJC_ISA_USAGE = YES_ERROR;
				CLANG_WARN_DOCUMENTATION_COMMENTS = YES;
				CLANG_WARN_EMPTY_BODY = YES;
				CLANG_WARN_ENUM_CONVERSION = YES;
				CLANG_WARN_INFINITE_RECURSION = YES;
				CLANG_WARN_INT_CONVERSION = YES;
				CLANG_WARN_NON_LITERAL_NULL_CONVERSION = YES;
				CLANG_WARN_OBJC_IMPLICIT_RETAIN_SELF = YES;
				CLANG_WARN_OBJC_LITERAL_CONVERSION = YES;
				CLANG_WARN_OBJC_ROOT_CLASS = YES_ERROR;
				CLANG_WARN_QUOTED_INCLUDE_IN_FRAMEWORK_HEADER = YES;
				CLANG_WARN_RANGE_LOOP_ANALYSIS = YES;
				CLANG_WARN_STRICT_PROTOTYPES = YES;
				CLANG_WARN_SUSPICIOUS_MOVE = YES;
				CLANG_WARN_UNGUARDED_AVAILABILITY = YES_AGGRESSIVE;
				CLANG_WARN_UNREACHABLE_CODE = YES;
				CLANG_WARN__DUPLICATE_METHOD_MATCH = YES;
				COPY_PHASE_STRIP = NO;
				DEBUG_INFORMATION_FORMAT = "dwarf-with-dsym";
				ENABLE_NS_ASSERTIONS = NO;
				ENABLE_STRICT_OBJC_MSGSEND = YES;
				GCC_C_LANGUAGE_STANDARD = gnu11;
				GCC_NO_COMMON_BLOCKS = YES;
				GCC_WARN_64_TO_32_BIT_CONVERSION = YES;
				GCC_WARN_ABOUT_RETURN_TYPE = YES_ERROR;
				GCC_WARN_UNDECLARED_SELECTOR = YES;
				GCC_WARN_UNINITIALIZED_AUTOS = YES_AGGRESSIVE;
				GCC_WARN_UNUSED_FUNCTION = YES;
				GCC_WARN_UNUSED_VARIABLE = YES;
				IPHONEOS_DEPLOYMENT_TARGET = 16.0;
				MTL_ENABLE_DEBUG_INFO = NO;
				MTL_FAST_MATH = YES;
				SDKROOT = iphoneos;
				SWIFT_COMPILATION_MODE = wholemodule;
				SWIFT_OPTIMIZATION_LEVEL = "-O";
				VALIDATE_PRODUCT = YES;
			};
			name = Release;
		};
		988B18CA2A526E1E00FAE2BF /* Debug */ = {
			isa = XCBuildConfiguration;
			buildSettings = {
				ASSETCATALOG_COMPILER_APPICON_NAME = AppIcon;
				ASSETCATALOG_COMPILER_GLOBAL_ACCENT_COLOR_NAME = AccentColor;
				CODE_SIGN_STYLE = Automatic;
				CURRENT_PROJECT_VERSION = 1;
				DEVELOPMENT_TEAM = AUK8L3ZFDZ;
				GENERATE_INFOPLIST_FILE = YES;
				INFOPLIST_FILE = HLCalc/Info.plist;
				INFOPLIST_KEY_UIApplicationSupportsIndirectInputEvents = YES;
				INFOPLIST_KEY_UILaunchStoryboardName = LaunchScreen;
				INFOPLIST_KEY_UIMainStoryboardFile = Main;
				INFOPLIST_KEY_UISupportedInterfaceOrientations_iPad = "UIInterfaceOrientationPortrait UIInterfaceOrientationPortraitUpsideDown UIInterfaceOrientationLandscapeLeft UIInterfaceOrientationLandscapeRight";
				INFOPLIST_KEY_UISupportedInterfaceOrientations_iPhone = "UIInterfaceOrientationPortrait UIInterfaceOrientationLandscapeLeft UIInterfaceOrientationLandscapeRight";
				IPHONEOS_DEPLOYMENT_TARGET = 13.0;
				LD_RUNPATH_SEARCH_PATHS = (
					"$(inherited)",
					"@executable_path/Frameworks",
				);
				MARKETING_VERSION = 1.0;
				PRODUCT_BUNDLE_IDENTIFIER = com.xqq.mac.HLCalc;
				PRODUCT_NAME = "$(TARGET_NAME)";
				SWIFT_EMIT_LOC_STRINGS = YES;
				SWIFT_VERSION = 5.0;
				TARGETED_DEVICE_FAMILY = "1,2";
			};
			name = Debug;
		};
		988B18CB2A526E1E00FAE2BF /* Release */ = {
			isa = XCBuildConfiguration;
			buildSettings = {
				ASSETCATALOG_COMPILER_APPICON_NAME = AppIcon;
				ASSETCATALOG_COMPILER_GLOBAL_ACCENT_COLOR_NAME = AccentColor;
				CODE_SIGN_STYLE = Automatic;
				CURRENT_PROJECT_VERSION = 1;
				DEVELOPMENT_TEAM = AUK8L3ZFDZ;
				GENERATE_INFOPLIST_FILE = YES;
				INFOPLIST_FILE = HLCalc/Info.plist;
				INFOPLIST_KEY_UIApplicationSupportsIndirectInputEvents = YES;
				INFOPLIST_KEY_UILaunchStoryboardName = LaunchScreen;
				INFOPLIST_KEY_UIMainStoryboardFile = Main;
				INFOPLIST_KEY_UISupportedInterfaceOrientations_iPad = "UIInterfaceOrientationPortrait UIInterfaceOrientationPortraitUpsideDown UIInterfaceOrientationLandscapeLeft UIInterfaceOrientationLandscapeRight";
				INFOPLIST_KEY_UISupportedInterfaceOrientations_iPhone = "UIInterfaceOrientationPortrait UIInterfaceOrientationLandscapeLeft UIInterfaceOrientationLandscapeRight";
				IPHONEOS_DEPLOYMENT_TARGET = 13.0;
				LD_RUNPATH_SEARCH_PATHS = (
					"$(inherited)",
					"@executable_path/Frameworks",
				);
				MARKETING_VERSION = 1.0;
				PRODUCT_BUNDLE_IDENTIFIER = com.xqq.mac.HLCalc;
				PRODUCT_NAME = "$(TARGET_NAME)";
				SWIFT_EMIT_LOC_STRINGS = YES;
				SWIFT_VERSION = 5.0;
				TARGETED_DEVICE_FAMILY = "1,2";
			};
			name = Release;
		};
/* End XCBuildConfiguration section */

/* Begin XCConfigurationList section */
		988B18B02A526E1C00FAE2BF /* Build configuration list for PBXProject "HLCalc" */ = {
			isa = XCConfigurationList;
			buildConfigurations = (
				988B18C72A526E1E00FAE2BF /* Debug */,
				988B18C82A526E1E00FAE2BF /* Release */,
			);
			defaultConfigurationIsVisible = 0;
			defaultConfigurationName = Release;
		};
		988B18C92A526E1E00FAE2BF /* Build configuration list for PBXNativeTarget "HLCalc" */ = {
			isa = XCConfigurationList;
			buildConfigurations = (
				988B18CA2A526E1E00FAE2BF /* Debug */,
				988B18CB2A526E1E00FAE2BF /* Release */,
			);
			defaultConfigurationIsVisible = 0;
			defaultConfigurationName = Release;
		};
/* End XCConfigurationList section */
	};
	rootObject = 988B18AD2A526E1C00FAE2BF /* Project object */;
}
